// !$*UTF8*$!
{
	archiveVersion = 1;
	classes = {
	};
	objectVersion = 50;
	objects = {

/* Begin PBXBuildFile section */
		256E0334250FB06E004524EB /* ExploreViewController.swift in Sources */ = {isa = PBXBuildFile; fileRef = 256E0333250FB06E004524EB /* ExploreViewController.swift */; };
		256E0336250FB1E1004524EB /* CameraViewController.swift in Sources */ = {isa = PBXBuildFile; fileRef = 256E0335250FB1E1004524EB /* CameraViewController.swift */; };
		256E0338250FB205004524EB /* NotificationViewController.swift in Sources */ = {isa = PBXBuildFile; fileRef = 256E0337250FB205004524EB /* NotificationViewController.swift */; };
		256E033A250FB22E004524EB /* ProfileViewController.swift in Sources */ = {isa = PBXBuildFile; fileRef = 256E0339250FB22E004524EB /* ProfileViewController.swift */; };
		256E0340250FCD97004524EB /* LoginViewController.swift in Sources */ = {isa = PBXBuildFile; fileRef = 256E033F250FCD97004524EB /* LoginViewController.swift */; };
		256E0342250FCDC0004524EB /* RegistrationViewController.swift in Sources */ = {isa = PBXBuildFile; fileRef = 256E0341250FCDC0004524EB /* RegistrationViewController.swift */; };
		256E0344250FCDFB004524EB /* PostViewController.swift in Sources */ = {isa = PBXBuildFile; fileRef = 256E0343250FCDFB004524EB /* PostViewController.swift */; };
		256E0346250FCE2D004524EB /* EditProfileViewController.swift in Sources */ = {isa = PBXBuildFile; fileRef = 256E0345250FCE2D004524EB /* EditProfileViewController.swift */; };
		256E0348250FCE4A004524EB /* SettingsViewController.swift in Sources */ = {isa = PBXBuildFile; fileRef = 256E0347250FCE4A004524EB /* SettingsViewController.swift */; };
		256E034A250FCE73004524EB /* ListViewController.swift in Sources */ = {isa = PBXBuildFile; fileRef = 256E0349250FCE73004524EB /* ListViewController.swift */; };
		256E034C250FCE9E004524EB /* SearchViewController.swift in Sources */ = {isa = PBXBuildFile; fileRef = 256E034B250FCE9E004524EB /* SearchViewController.swift */; };
		256E034E250FCED3004524EB /* SearchResultViewController.swift in Sources */ = {isa = PBXBuildFile; fileRef = 256E034D250FCED3004524EB /* SearchResultViewController.swift */; };
		256E0350250FCF2E004524EB /* PostEditorViewController.swift in Sources */ = {isa = PBXBuildFile; fileRef = 256E034F250FCF2E004524EB /* PostEditorViewController.swift */; };
		256E0352250FCF68004524EB /* PublishPostViewController.swift in Sources */ = {isa = PBXBuildFile; fileRef = 256E0351250FCF68004524EB /* PublishPostViewController.swift */; };
		25D7827F250FA80600FCE0A6 /* AppDelegate.swift in Sources */ = {isa = PBXBuildFile; fileRef = 25D7827E250FA80600FCE0A6 /* AppDelegate.swift */; };
		25D78281250FA80600FCE0A6 /* SceneDelegate.swift in Sources */ = {isa = PBXBuildFile; fileRef = 25D78280250FA80600FCE0A6 /* SceneDelegate.swift */; };
		25D78283250FA80600FCE0A6 /* HomeViewController.swift in Sources */ = {isa = PBXBuildFile; fileRef = 25D78282250FA80600FCE0A6 /* HomeViewController.swift */; };
		25D78286250FA80600FCE0A6 /* Main.storyboard in Resources */ = {isa = PBXBuildFile; fileRef = 25D78284250FA80600FCE0A6 /* Main.storyboard */; };
		25D78288250FA80800FCE0A6 /* Assets.xcassets in Resources */ = {isa = PBXBuildFile; fileRef = 25D78287250FA80800FCE0A6 /* Assets.xcassets */; };
		25D7828B250FA80800FCE0A6 /* LaunchScreen.storyboard in Resources */ = {isa = PBXBuildFile; fileRef = 25D78289250FA80800FCE0A6 /* LaunchScreen.storyboard */; };
/* End PBXBuildFile section */

/* Begin PBXFileReference section */
		256E0333250FB06E004524EB /* ExploreViewController.swift */ = {isa = PBXFileReference; lastKnownFileType = sourcecode.swift; path = ExploreViewController.swift; sourceTree = "<group>"; };
		256E0335250FB1E1004524EB /* CameraViewController.swift */ = {isa = PBXFileReference; lastKnownFileType = sourcecode.swift; path = CameraViewController.swift; sourceTree = "<group>"; };
		256E0337250FB205004524EB /* NotificationViewController.swift */ = {isa = PBXFileReference; lastKnownFileType = sourcecode.swift; path = NotificationViewController.swift; sourceTree = "<group>"; };
		256E0339250FB22E004524EB /* ProfileViewController.swift */ = {isa = PBXFileReference; lastKnownFileType = sourcecode.swift; path = ProfileViewController.swift; sourceTree = "<group>"; };
		256E033F250FCD97004524EB /* LoginViewController.swift */ = {isa = PBXFileReference; lastKnownFileType = sourcecode.swift; path = LoginViewController.swift; sourceTree = "<group>"; };
		256E0341250FCDC0004524EB /* RegistrationViewController.swift */ = {isa = PBXFileReference; lastKnownFileType = sourcecode.swift; path = RegistrationViewController.swift; sourceTree = "<group>"; };
		256E0343250FCDFB004524EB /* PostViewController.swift */ = {isa = PBXFileReference; lastKnownFileType = sourcecode.swift; path = PostViewController.swift; sourceTree = "<group>"; };
		256E0345250FCE2D004524EB /* EditProfileViewController.swift */ = {isa = PBXFileReference; lastKnownFileType = sourcecode.swift; path = EditProfileViewController.swift; sourceTree = "<group>"; };
		256E0347250FCE4A004524EB /* SettingsViewController.swift */ = {isa = PBXFileReference; lastKnownFileType = sourcecode.swift; path = SettingsViewController.swift; sourceTree = "<group>"; };
		256E0349250FCE73004524EB /* ListViewController.swift */ = {isa = PBXFileReference; lastKnownFileType = sourcecode.swift; path = ListViewController.swift; sourceTree = "<group>"; };
		256E034B250FCE9E004524EB /* SearchViewController.swift */ = {isa = PBXFileReference; lastKnownFileType = sourcecode.swift; path = SearchViewController.swift; sourceTree = "<group>"; };
		256E034D250FCED3004524EB /* SearchResultViewController.swift */ = {isa = PBXFileReference; lastKnownFileType = sourcecode.swift; path = SearchResultViewController.swift; sourceTree = "<group>"; };
		256E034F250FCF2E004524EB /* PostEditorViewController.swift */ = {isa = PBXFileReference; lastKnownFileType = sourcecode.swift; path = PostEditorViewController.swift; sourceTree = "<group>"; };
		256E0351250FCF68004524EB /* PublishPostViewController.swift */ = {isa = PBXFileReference; lastKnownFileType = sourcecode.swift; path = PublishPostViewController.swift; sourceTree = "<group>"; };
		25D7827B250FA80600FCE0A6 /* Instargram.app */ = {isa = PBXFileReference; explicitFileType = wrapper.application; includeInIndex = 0; path = Instargram.app; sourceTree = BUILT_PRODUCTS_DIR; };
		25D7827E250FA80600FCE0A6 /* AppDelegate.swift */ = {isa = PBXFileReference; lastKnownFileType = sourcecode.swift; path = AppDelegate.swift; sourceTree = "<group>"; };
		25D78280250FA80600FCE0A6 /* SceneDelegate.swift */ = {isa = PBXFileReference; lastKnownFileType = sourcecode.swift; path = SceneDelegate.swift; sourceTree = "<group>"; };
		25D78282250FA80600FCE0A6 /* HomeViewController.swift */ = {isa = PBXFileReference; lastKnownFileType = sourcecode.swift; path = HomeViewController.swift; sourceTree = "<group>"; };
		25D78285250FA80600FCE0A6 /* Base */ = {isa = PBXFileReference; lastKnownFileType = file.storyboard; name = Base; path = Base.lproj/Main.storyboard; sourceTree = "<group>"; };
		25D78287250FA80800FCE0A6 /* Assets.xcassets */ = {isa = PBXFileReference; lastKnownFileType = folder.assetcatalog; path = Assets.xcassets; sourceTree = "<group>"; };
		25D7828A250FA80800FCE0A6 /* Base */ = {isa = PBXFileReference; lastKnownFileType = file.storyboard; name = Base; path = Base.lproj/LaunchScreen.storyboard; sourceTree = "<group>"; };
		25D7828C250FA80800FCE0A6 /* Info.plist */ = {isa = PBXFileReference; lastKnownFileType = text.plist.xml; path = Info.plist; sourceTree = "<group>"; };
/* End PBXFileReference section */

/* Begin PBXFrameworksBuildPhase section */
		25D78278250FA80600FCE0A6 /* Frameworks */ = {
			isa = PBXFrameworksBuildPhase;
			buildActionMask = 2147483647;
			files = (
			);
			runOnlyForDeploymentPostprocessing = 0;
		};
/* End PBXFrameworksBuildPhase section */

/* Begin PBXGroup section */
		256E033C250FC451004524EB /* Core Tabs */ = {
			isa = PBXGroup;
			children = (
				25D78282250FA80600FCE0A6 /* HomeViewController.swift */,
				256E0333250FB06E004524EB /* ExploreViewController.swift */,
				256E0335250FB1E1004524EB /* CameraViewController.swift */,
				256E0337250FB205004524EB /* NotificationViewController.swift */,
				256E0339250FB22E004524EB /* ProfileViewController.swift */,
			);
			path = "Core Tabs";
			sourceTree = "<group>";
		};
		256E033D250FC4A1004524EB /* Other */ = {
			isa = PBXGroup;
			children = (
				256E033E250FCD58004524EB /* Onboarding */,
				256E0343250FCDFB004524EB /* PostViewController.swift */,
				256E0345250FCE2D004524EB /* EditProfileViewController.swift */,
				256E0347250FCE4A004524EB /* SettingsViewController.swift */,
				256E0349250FCE73004524EB /* ListViewController.swift */,
				256E034B250FCE9E004524EB /* SearchViewController.swift */,
				256E034D250FCED3004524EB /* SearchResultViewController.swift */,
				256E034F250FCF2E004524EB /* PostEditorViewController.swift */,
				256E0351250FCF68004524EB /* PublishPostViewController.swift */,
			);
			path = Other;
			sourceTree = "<group>";
		};
		256E033E250FCD58004524EB /* Onboarding */ = {
			isa = PBXGroup;
			children = (
				256E033F250FCD97004524EB /* LoginViewController.swift */,
				256E0341250FCDC0004524EB /* RegistrationViewController.swift */,
			);
			path = Onboarding;
			sourceTree = "<group>";
		};
		25D78272250FA80600FCE0A6 = {
			isa = PBXGroup;
			children = (
				25D7827D250FA80600FCE0A6 /* Instargram */,
				25D7827C250FA80600FCE0A6 /* Products */,
			);
			sourceTree = "<group>";
		};
		25D7827C250FA80600FCE0A6 /* Products */ = {
			isa = PBXGroup;
			children = (
				25D7827B250FA80600FCE0A6 /* Instargram.app */,
			);
			name = Products;
			sourceTree = "<group>";
		};
		25D7827D250FA80600FCE0A6 /* Instargram */ = {
			isa = PBXGroup;
			children = (
				25D78295250FA96500FCE0A6 /* Resources */,
				25D78294250FA96200FCE0A6 /* Models */,
				25D78293250FA96000FCE0A6 /* Views */,
				25D78292250FA94C00FCE0A6 /* Controllers */,
				25D7828C250FA80800FCE0A6 /* Info.plist */,
			);
			path = Instargram;
			sourceTree = "<group>";
		};
		25D78292250FA94C00FCE0A6 /* Controllers */ = {
			isa = PBXGroup;
			children = (
				256E033D250FC4A1004524EB /* Other */,
				256E033C250FC451004524EB /* Core Tabs */,
			);
			path = Controllers;
			sourceTree = "<group>";
		};
		25D78293250FA96000FCE0A6 /* Views */ = {
			isa = PBXGroup;
			children = (
				25D78287250FA80800FCE0A6 /* Assets.xcassets */,
				25D78296250FAE7300FCE0A6 /* Storyboards */,
			);
			path = Views;
			sourceTree = "<group>";
		};
		25D78294250FA96200FCE0A6 /* Models */ = {
			isa = PBXGroup;
			children = (
			);
			path = Models;
			sourceTree = "<group>";
		};
		25D78295250FA96500FCE0A6 /* Resources */ = {
			isa = PBXGroup;
			children = (
				25D7827E250FA80600FCE0A6 /* AppDelegate.swift */,
				25D78280250FA80600FCE0A6 /* SceneDelegate.swift */,
			);
			path = Resources;
			sourceTree = "<group>";
		};
		25D78296250FAE7300FCE0A6 /* Storyboards */ = {
			isa = PBXGroup;
			children = (
				25D78284250FA80600FCE0A6 /* Main.storyboard */,
				25D78289250FA80800FCE0A6 /* LaunchScreen.storyboard */,
			);
			path = Storyboards;
			sourceTree = "<group>";
		};
/* End PBXGroup section */

/* Begin PBXNativeTarget section */
		25D7827A250FA80600FCE0A6 /* Instargram */ = {
			isa = PBXNativeTarget;
			buildConfigurationList = 25D7828F250FA80800FCE0A6 /* Build configuration list for PBXNativeTarget "Instargram" */;
			buildPhases = (
				25D78277250FA80600FCE0A6 /* Sources */,
				25D78278250FA80600FCE0A6 /* Frameworks */,
				25D78279250FA80600FCE0A6 /* Resources */,
			);
			buildRules = (
			);
			dependencies = (
			);
			name = Instargram;
			productName = Instargram;
			productReference = 25D7827B250FA80600FCE0A6 /* Instargram.app */;
			productType = "com.apple.product-type.application";
		};
/* End PBXNativeTarget section */

/* Begin PBXProject section */
		25D78273250FA80600FCE0A6 /* Project object */ = {
			isa = PBXProject;
			attributes = {
				LastSwiftUpdateCheck = 1170;
				LastUpgradeCheck = 1170;
				ORGANIZATIONNAME = pioneerplat;
				TargetAttributes = {
					25D7827A250FA80600FCE0A6 = {
						CreatedOnToolsVersion = 11.7;
					};
				};
			};
			buildConfigurationList = 25D78276250FA80600FCE0A6 /* Build configuration list for PBXProject "Instargram" */;
			compatibilityVersion = "Xcode 9.3";
			developmentRegion = en;
			hasScannedForEncodings = 0;
			knownRegions = (
				en,
				Base,
			);
			mainGroup = 25D78272250FA80600FCE0A6;
			productRefGroup = 25D7827C250FA80600FCE0A6 /* Products */;
			projectDirPath = "";
			projectRoot = "";
			targets = (
				25D7827A250FA80600FCE0A6 /* Instargram */,
			);
		};
/* End PBXProject section */

/* Begin PBXResourcesBuildPhase section */
		25D78279250FA80600FCE0A6 /* Resources */ = {
			isa = PBXResourcesBuildPhase;
			buildActionMask = 2147483647;
			files = (
				25D7828B250FA80800FCE0A6 /* LaunchScreen.storyboard in Resources */,
				25D78288250FA80800FCE0A6 /* Assets.xcassets in Resources */,
				25D78286250FA80600FCE0A6 /* Main.storyboard in Resources */,
			);
			runOnlyForDeploymentPostprocessing = 0;
		};
/* End PBXResourcesBuildPhase section */

/* Begin PBXSourcesBuildPhase section */
		25D78277250FA80600FCE0A6 /* Sources */ = {
			isa = PBXSourcesBuildPhase;
			buildActionMask = 2147483647;
			files = (
				256E0346250FCE2D004524EB /* EditProfileViewController.swift in Sources */,
				256E0334250FB06E004524EB /* ExploreViewController.swift in Sources */,
				256E0352250FCF68004524EB /* PublishPostViewController.swift in Sources */,
				256E0336250FB1E1004524EB /* CameraViewController.swift in Sources */,
				256E0338250FB205004524EB /* NotificationViewController.swift in Sources */,
				256E0342250FCDC0004524EB /* RegistrationViewController.swift in Sources */,
				256E0350250FCF2E004524EB /* PostEditorViewController.swift in Sources */,
				256E0344250FCDFB004524EB /* PostViewController.swift in Sources */,
				25D78283250FA80600FCE0A6 /* HomeViewController.swift in Sources */,
				256E034E250FCED3004524EB /* SearchResultViewController.swift in Sources */,
				256E0340250FCD97004524EB /* LoginViewController.swift in Sources */,
				256E034C250FCE9E004524EB /* SearchViewController.swift in Sources */,
				256E033A250FB22E004524EB /* ProfileViewController.swift in Sources */,
				25D7827F250FA80600FCE0A6 /* AppDelegate.swift in Sources */,
				25D78281250FA80600FCE0A6 /* SceneDelegate.swift in Sources */,
				256E034A250FCE73004524EB /* ListViewController.swift in Sources */,
				256E0348250FCE4A004524EB /* SettingsViewController.swift in Sources */,
			);
			runOnlyForDeploymentPostprocessing = 0;
		};
/* End PBXSourcesBuildPhase section */

/* Begin PBXVariantGroup section */
		25D78284250FA80600FCE0A6 /* Main.storyboard */ = {
			isa = PBXVariantGroup;
			children = (
				25D78285250FA80600FCE0A6 /* Base */,
			);
			name = Main.storyboard;
			sourceTree = "<group>";
		};
		25D78289250FA80800FCE0A6 /* LaunchScreen.storyboard */ = {
			isa = PBXVariantGroup;
			children = (
				25D7828A250FA80800FCE0A6 /* Base */,
			);
			name = LaunchScreen.storyboard;
			sourceTree = "<group>";
		};
/* End PBXVariantGroup section */

/* Begin XCBuildConfiguration section */
		25D7828D250FA80800FCE0A6 /* Debug */ = {
			isa = XCBuildConfiguration;
			buildSettings = {
				ALWAYS_SEARCH_USER_PATHS = NO;
				CLANG_ANALYZER_NONNULL = YES;
				CLANG_ANALYZER_NUMBER_OBJECT_CONVERSION = YES_AGGRESSIVE;
				CLANG_CXX_LANGUAGE_STANDARD = "gnu++14";
				CLANG_CXX_LIBRARY = "libc++";
				CLANG_ENABLE_MODULES = YES;
				CLANG_ENABLE_OBJC_ARC = YES;
				CLANG_ENABLE_OBJC_WEAK = YES;
				CLANG_WARN_BLOCK_CAPTURE_AUTORELEASING = YES;
				CLANG_WARN_BOOL_CONVERSION = YES;
				CLANG_WARN_COMMA = YES;
				CLANG_WARN_CONSTANT_CONVERSION = YES;
				CLANG_WARN_DEPRECATED_OBJC_IMPLEMENTATIONS = YES;
				CLANG_WARN_DIRECT_OBJC_ISA_USAGE = YES_ERROR;
				CLANG_WARN_DOCUMENTATION_COMMENTS = YES;
				CLANG_WARN_EMPTY_BODY = YES;
				CLANG_WARN_ENUM_CONVERSION = YES;
				CLANG_WARN_INFINITE_RECURSION = YES;
				CLANG_WARN_INT_CONVERSION = YES;
				CLANG_WARN_NON_LITERAL_NULL_CONVERSION = YES;
				CLANG_WARN_OBJC_IMPLICIT_RETAIN_SELF = YES;
				CLANG_WARN_OBJC_LITERAL_CONVERSION = YES;
				CLANG_WARN_OBJC_ROOT_CLASS = YES_ERROR;
				CLANG_WARN_RANGE_LOOP_ANALYSIS = YES;
				CLANG_WARN_STRICT_PROTOTYPES = YES;
				CLANG_WARN_SUSPICIOUS_MOVE = YES;
				CLANG_WARN_UNGUARDED_AVAILABILITY = YES_AGGRESSIVE;
				CLANG_WARN_UNREACHABLE_CODE = YES;
				CLANG_WARN__DUPLICATE_METHOD_MATCH = YES;
				COPY_PHASE_STRIP = NO;
				DEBUG_INFORMATION_FORMAT = dwarf;
				ENABLE_STRICT_OBJC_MSGSEND = YES;
				ENABLE_TESTABILITY = YES;
				GCC_C_LANGUAGE_STANDARD = gnu11;
				GCC_DYNAMIC_NO_PIC = NO;
				GCC_NO_COMMON_BLOCKS = YES;
				GCC_OPTIMIZATION_LEVEL = 0;
				GCC_PREPROCESSOR_DEFINITIONS = (
					"DEBUG=1",
					"$(inherited)",
				);
				GCC_WARN_64_TO_32_BIT_CONVERSION = YES;
				GCC_WARN_ABOUT_RETURN_TYPE = YES_ERROR;
				GCC_WARN_UNDECLARED_SELECTOR = YES;
				GCC_WARN_UNINITIALIZED_AUTOS = YES_AGGRESSIVE;
				GCC_WARN_UNUSED_FUNCTION = YES;
				GCC_WARN_UNUSED_VARIABLE = YES;
				IPHONEOS_DEPLOYMENT_TARGET = 13.7;
				MTL_ENABLE_DEBUG_INFO = INCLUDE_SOURCE;
				MTL_FAST_MATH = YES;
				ONLY_ACTIVE_ARCH = YES;
				SDKROOT = iphoneos;
				SWIFT_ACTIVE_COMPILATION_CONDITIONS = DEBUG;
				SWIFT_OPTIMIZATION_LEVEL = "-Onone";
			};
			name = Debug;
		};
		25D7828E250FA80800FCE0A6 /* Release */ = {
			isa = XCBuildConfiguration;
			buildSettings = {
				ALWAYS_SEARCH_USER_PATHS = NO;
				CLANG_ANALYZER_NONNULL = YES;
				CLANG_ANALYZER_NUMBER_OBJECT_CONVERSION = YES_AGGRESSIVE;
				CLANG_CXX_LANGUAGE_STANDARD = "gnu++14";
				CLANG_CXX_LIBRARY = "libc++";
				CLANG_ENABLE_MODULES = YES;
				CLANG_ENABLE_OBJC_ARC = YES;
				CLANG_ENABLE_OBJC_WEAK = YES;
				CLANG_WARN_BLOCK_CAPTURE_AUTORELEASING = YES;
				CLANG_WARN_BOOL_CONVERSION = YES;
				CLANG_WARN_COMMA = YES;
				CLANG_WARN_CONSTANT_CONVERSION = YES;
				CLANG_WARN_DEPRECATED_OBJC_IMPLEMENTATIONS = YES;
				CLANG_WARN_DIRECT_OBJC_ISA_USAGE = YES_ERROR;
				CLANG_WARN_DOCUMENTATION_COMMENTS = YES;
				CLANG_WARN_EMPTY_BODY = YES;
				CLANG_WARN_ENUM_CONVERSION = YES;
				CLANG_WARN_INFINITE_RECURSION = YES;
				CLANG_WARN_INT_CONVERSION = YES;
				CLANG_WARN_NON_LITERAL_NULL_CONVERSION = YES;
				CLANG_WARN_OBJC_IMPLICIT_RETAIN_SELF = YES;
				CLANG_WARN_OBJC_LITERAL_CONVERSION = YES;
				CLANG_WARN_OBJC_ROOT_CLASS = YES_ERROR;
				CLANG_WARN_RANGE_LOOP_ANALYSIS = YES;
				CLANG_WARN_STRICT_PROTOTYPES = YES;
				CLANG_WARN_SUSPICIOUS_MOVE = YES;
				CLANG_WARN_UNGUARDED_AVAILABILITY = YES_AGGRESSIVE;
				CLANG_WARN_UNREACHABLE_CODE = YES;
				CLANG_WARN__DUPLICATE_METHOD_MATCH = YES;
				COPY_PHASE_STRIP = NO;
				DEBUG_INFORMATION_FORMAT = "dwarf-with-dsym";
				ENABLE_NS_ASSERTIONS = NO;
				ENABLE_STRICT_OBJC_MSGSEND = YES;
				GCC_C_LANGUAGE_STANDARD = gnu11;
				GCC_NO_COMMON_BLOCKS = YES;
				GCC_WARN_64_TO_32_BIT_CONVERSION = YES;
				GCC_WARN_ABOUT_RETURN_TYPE = YES_ERROR;
				GCC_WARN_UNDECLARED_SELECTOR = YES;
				GCC_WARN_UNINITIALIZED_AUTOS = YES_AGGRESSIVE;
				GCC_WARN_UNUSED_FUNCTION = YES;
				GCC_WARN_UNUSED_VARIABLE = YES;
				IPHONEOS_DEPLOYMENT_TARGET = 13.7;
				MTL_ENABLE_DEBUG_INFO = NO;
				MTL_FAST_MATH = YES;
				SDKROOT = iphoneos;
				SWIFT_COMPILATION_MODE = wholemodule;
				SWIFT_OPTIMIZATION_LEVEL = "-O";
				VALIDATE_PRODUCT = YES;
			};
			name = Release;
		};
		25D78290250FA80800FCE0A6 /* Debug */ = {
			isa = XCBuildConfiguration;
			buildSettings = {
				ASSETCATALOG_COMPILER_APPICON_NAME = AppIcon;
				CODE_SIGN_STYLE = Automatic;
				DEVELOPMENT_TEAM = 53R5374DG6;
				INFOPLIST_FILE = Instargram/Info.plist;
				LD_RUNPATH_SEARCH_PATHS = (
					"$(inherited)",
					"@executable_path/Frameworks",
				);
				PRODUCT_BUNDLE_IDENTIFIER = pioneerplat.KingPlatform.Instargram;
				PRODUCT_NAME = "$(TARGET_NAME)";
				SWIFT_VERSION = 5.0;
				TARGETED_DEVICE_FAMILY = "1,2";
			};
			name = Debug;
		};
		25D78291250FA80800FCE0A6 /* Release */ = {
			isa = XCBuildConfiguration;
			buildSettings = {
				ASSETCATALOG_COMPILER_APPICON_NAME = AppIcon;
				CODE_SIGN_STYLE = Automatic;
				DEVELOPMENT_TEAM = 53R5374DG6;
				INFOPLIST_FILE = Instargram/Info.plist;
				LD_RUNPATH_SEARCH_PATHS = (
					"$(inherited)",
					"@executable_path/Frameworks",
				);
				PRODUCT_BUNDLE_IDENTIFIER = pioneerplat.KingPlatform.Instargram;
				PRODUCT_NAME = "$(TARGET_NAME)";
				SWIFT_VERSION = 5.0;
				TARGETED_DEVICE_FAMILY = "1,2";
			};
			name = Release;
		};
/* End XCBuildConfiguration section */

/* Begin XCConfigurationList section */
		25D78276250FA80600FCE0A6 /* Build configuration list for PBXProject "Instargram" */ = {
			isa = XCConfigurationList;
			buildConfigurations = (
				25D7828D250FA80800FCE0A6 /* Debug */,
				25D7828E250FA80800FCE0A6 /* Release */,
			);
			defaultConfigurationIsVisible = 0;
			defaultConfigurationName = Release;
		};
		25D7828F250FA80800FCE0A6 /* Build configuration list for PBXNativeTarget "Instargram" */ = {
			isa = XCConfigurationList;
			buildConfigurations = (
				25D78290250FA80800FCE0A6 /* Debug */,
				25D78291250FA80800FCE0A6 /* Release */,
			);
			defaultConfigurationIsVisible = 0;
			defaultConfigurationName = Release;
		};
/* End XCConfigurationList section */
	};
	rootObject = 25D78273250FA80600FCE0A6 /* Project object */;
}
